// !$*UTF8*$!
{
	archiveVersion = 1;
	classes = {
	};
	objectVersion = 56;
	objects = {

/* Begin PBXBuildFile section */
		D57E55892C116065000E5317 /* FlickrSearcherApp.swift in Sources */ = {isa = PBXBuildFile; fileRef = D57E55882C116065000E5317 /* FlickrSearcherApp.swift */; };
		D57E558B2C116065000E5317 /* ContentView.swift in Sources */ = {isa = PBXBuildFile; fileRef = D57E558A2C116065000E5317 /* ContentView.swift */; };
		D57E558D2C116067000E5317 /* Assets.xcassets in Resources */ = {isa = PBXBuildFile; fileRef = D57E558C2C116067000E5317 /* Assets.xcassets */; };
		D57E55902C116067000E5317 /* Preview Assets.xcassets in Resources */ = {isa = PBXBuildFile; fileRef = D57E558F2C116067000E5317 /* Preview Assets.xcassets */; };
		D57E559A2C116068000E5317 /* FlickrSearcherTests.swift in Sources */ = {isa = PBXBuildFile; fileRef = D57E55992C116068000E5317 /* FlickrSearcherTests.swift */; };
		D57E55A42C116068000E5317 /* FlickrSearcherUITests.swift in Sources */ = {isa = PBXBuildFile; fileRef = D57E55A32C116068000E5317 /* FlickrSearcherUITests.swift */; };
		D57E55A62C116068000E5317 /* FlickrSearcherUITestsLaunchTests.swift in Sources */ = {isa = PBXBuildFile; fileRef = D57E55A52C116068000E5317 /* FlickrSearcherUITestsLaunchTests.swift */; };
		D57E55B42C1160D5000E5317 /* SearchRepositoryProtocol.swift in Sources */ = {isa = PBXBuildFile; fileRef = D57E55B32C1160D5000E5317 /* SearchRepositoryProtocol.swift */; };
		D57E55B72C1160E7000E5317 /* Image.swift in Sources */ = {isa = PBXBuildFile; fileRef = D57E55B62C1160E7000E5317 /* Image.swift */; };
/* End PBXBuildFile section */

/* Begin PBXContainerItemProxy section */
		D57E55962C116068000E5317 /* PBXContainerItemProxy */ = {
			isa = PBXContainerItemProxy;
			containerPortal = D57E557D2C116065000E5317 /* Project object */;
			proxyType = 1;
			remoteGlobalIDString = D57E55842C116065000E5317;
			remoteInfo = FlickrSearcher;
		};
		D57E55A02C116068000E5317 /* PBXContainerItemProxy */ = {
			isa = PBXContainerItemProxy;
			containerPortal = D57E557D2C116065000E5317 /* Project object */;
			proxyType = 1;
			remoteGlobalIDString = D57E55842C116065000E5317;
			remoteInfo = FlickrSearcher;
		};
/* End PBXContainerItemProxy section */

/* Begin PBXFileReference section */
		D57E55852C116065000E5317 /* FlickrSearcher.app */ = {isa = PBXFileReference; explicitFileType = wrapper.application; includeInIndex = 0; path = FlickrSearcher.app; sourceTree = BUILT_PRODUCTS_DIR; };
		D57E55882C116065000E5317 /* FlickrSearcherApp.swift */ = {isa = PBXFileReference; lastKnownFileType = sourcecode.swift; path = FlickrSearcherApp.swift; sourceTree = "<group>"; };
		D57E558A2C116065000E5317 /* ContentView.swift */ = {isa = PBXFileReference; lastKnownFileType = sourcecode.swift; path = ContentView.swift; sourceTree = "<group>"; };
		D57E558C2C116067000E5317 /* Assets.xcassets */ = {isa = PBXFileReference; lastKnownFileType = folder.assetcatalog; path = Assets.xcassets; sourceTree = "<group>"; };
		D57E558F2C116067000E5317 /* Preview Assets.xcassets */ = {isa = PBXFileReference; lastKnownFileType = folder.assetcatalog; path = "Preview Assets.xcassets"; sourceTree = "<group>"; };
		D57E55952C116068000E5317 /* FlickrSearcherTests.xctest */ = {isa = PBXFileReference; explicitFileType = wrapper.cfbundle; includeInIndex = 0; path = FlickrSearcherTests.xctest; sourceTree = BUILT_PRODUCTS_DIR; };
		D57E55992C116068000E5317 /* FlickrSearcherTests.swift */ = {isa = PBXFileReference; lastKnownFileType = sourcecode.swift; path = FlickrSearcherTests.swift; sourceTree = "<group>"; };
		D57E559F2C116068000E5317 /* FlickrSearcherUITests.xctest */ = {isa = PBXFileReference; explicitFileType = wrapper.cfbundle; includeInIndex = 0; path = FlickrSearcherUITests.xctest; sourceTree = BUILT_PRODUCTS_DIR; };
		D57E55A32C116068000E5317 /* FlickrSearcherUITests.swift */ = {isa = PBXFileReference; lastKnownFileType = sourcecode.swift; path = FlickrSearcherUITests.swift; sourceTree = "<group>"; };
		D57E55A52C116068000E5317 /* FlickrSearcherUITestsLaunchTests.swift */ = {isa = PBXFileReference; lastKnownFileType = sourcecode.swift; path = FlickrSearcherUITestsLaunchTests.swift; sourceTree = "<group>"; };
		D57E55B32C1160D5000E5317 /* SearchRepositoryProtocol.swift */ = {isa = PBXFileReference; lastKnownFileType = sourcecode.swift; path = SearchRepositoryProtocol.swift; sourceTree = "<group>"; };
		D57E55B62C1160E7000E5317 /* Image.swift */ = {isa = PBXFileReference; lastKnownFileType = sourcecode.swift; path = Image.swift; sourceTree = "<group>"; };
/* End PBXFileReference section */

/* Begin PBXFrameworksBuildPhase section */
		D57E55822C116065000E5317 /* Frameworks */ = {
			isa = PBXFrameworksBuildPhase;
			buildActionMask = 2147483647;
			files = (
			);
			runOnlyForDeploymentPostprocessing = 0;
		};
		D57E55922C116068000E5317 /* Frameworks */ = {
			isa = PBXFrameworksBuildPhase;
			buildActionMask = 2147483647;
			files = (
			);
			runOnlyForDeploymentPostprocessing = 0;
		};
		D57E559C2C116068000E5317 /* Frameworks */ = {
			isa = PBXFrameworksBuildPhase;
			buildActionMask = 2147483647;
			files = (
			);
			runOnlyForDeploymentPostprocessing = 0;
		};
/* End PBXFrameworksBuildPhase section */

/* Begin PBXGroup section */
		D57E557C2C116065000E5317 = {
			isa = PBXGroup;
			children = (
				D57E55872C116065000E5317 /* FlickrSearcher */,
				D57E55982C116068000E5317 /* FlickrSearcherTests */,
				D57E55A22C116068000E5317 /* FlickrSearcherUITests */,
				D57E55862C116065000E5317 /* Products */,
			);
			sourceTree = "<group>";
		};
		D57E55862C116065000E5317 /* Products */ = {
			isa = PBXGroup;
			children = (
				D57E55852C116065000E5317 /* FlickrSearcher.app */,
				D57E55952C116068000E5317 /* FlickrSearcherTests.xctest */,
				D57E559F2C116068000E5317 /* FlickrSearcherUITests.xctest */,
			);
			name = Products;
			sourceTree = "<group>";
		};
		D57E55872C116065000E5317 /* FlickrSearcher */ = {
			isa = PBXGroup;
			children = (
				D57E55B52C1160E1000E5317 /* Models */,
				D57E55B22C1160C8000E5317 /* Repository */,
				D57E55882C116065000E5317 /* FlickrSearcherApp.swift */,
				D57E558A2C116065000E5317 /* ContentView.swift */,
				D57E558C2C116067000E5317 /* Assets.xcassets */,
				D57E558E2C116067000E5317 /* Preview Content */,
			);
			path = FlickrSearcher;
			sourceTree = "<group>";
		};
		D57E558E2C116067000E5317 /* Preview Content */ = {
			isa = PBXGroup;
			children = (
				D57E558F2C116067000E5317 /* Preview Assets.xcassets */,
			);
			path = "Preview Content";
			sourceTree = "<group>";
		};
		D57E55982C116068000E5317 /* FlickrSearcherTests */ = {
			isa = PBXGroup;
			children = (
				D57E55992C116068000E5317 /* FlickrSearcherTests.swift */,
			);
			path = FlickrSearcherTests;
			sourceTree = "<group>";
		};
		D57E55A22C116068000E5317 /* FlickrSearcherUITests */ = {
			isa = PBXGroup;
			children = (
				D57E55A32C116068000E5317 /* FlickrSearcherUITests.swift */,
				D57E55A52C116068000E5317 /* FlickrSearcherUITestsLaunchTests.swift */,
			);
			path = FlickrSearcherUITests;
			sourceTree = "<group>";
		};
		D57E55B22C1160C8000E5317 /* Repository */ = {
			isa = PBXGroup;
			children = (
				D57E55B32C1160D5000E5317 /* SearchRepositoryProtocol.swift */,
			);
			path = Repository;
			sourceTree = "<group>";
		};
		D57E55B52C1160E1000E5317 /* Models */ = {
			isa = PBXGroup;
			children = (
				D57E55B62C1160E7000E5317 /* Image.swift */,
			);
			path = Models;
			sourceTree = "<group>";
		};
/* End PBXGroup section */

/* Begin PBXNativeTarget section */
		D57E55842C116065000E5317 /* FlickrSearcher */ = {
			isa = PBXNativeTarget;
			buildConfigurationList = D57E55A92C116068000E5317 /* Build configuration list for PBXNativeTarget "FlickrSearcher" */;
			buildPhases = (
				D57E55812C116065000E5317 /* Sources */,
				D57E55822C116065000E5317 /* Frameworks */,
				D57E55832C116065000E5317 /* Resources */,
			);
			buildRules = (
			);
			dependencies = (
			);
			name = FlickrSearcher;
			productName = FlickrSearcher;
			productReference = D57E55852C116065000E5317 /* FlickrSearcher.app */;
			productType = "com.apple.product-type.application";
		};
		D57E55942C116068000E5317 /* FlickrSearcherTests */ = {
			isa = PBXNativeTarget;
			buildConfigurationList = D57E55AC2C116068000E5317 /* Build configuration list for PBXNativeTarget "FlickrSearcherTests" */;
			buildPhases = (
				D57E55912C116068000E5317 /* Sources */,
				D57E55922C116068000E5317 /* Frameworks */,
				D57E55932C116068000E5317 /* Resources */,
			);
			buildRules = (
			);
			dependencies = (
				D57E55972C116068000E5317 /* PBXTargetDependency */,
			);
			name = FlickrSearcherTests;
			productName = FlickrSearcherTests;
			productReference = D57E55952C116068000E5317 /* FlickrSearcherTests.xctest */;
			productType = "com.apple.product-type.bundle.unit-test";
		};
		D57E559E2C116068000E5317 /* FlickrSearcherUITests */ = {
			isa = PBXNativeTarget;
			buildConfigurationList = D57E55AF2C116068000E5317 /* Build configuration list for PBXNativeTarget "FlickrSearcherUITests" */;
			buildPhases = (
				D57E559B2C116068000E5317 /* Sources */,
				D57E559C2C116068000E5317 /* Frameworks */,
				D57E559D2C116068000E5317 /* Resources */,
			);
			buildRules = (
			);
			dependencies = (
				D57E55A12C116068000E5317 /* PBXTargetDependency */,
			);
			name = FlickrSearcherUITests;
			productName = FlickrSearcherUITests;
			productReference = D57E559F2C116068000E5317 /* FlickrSearcherUITests.xctest */;
			productType = "com.apple.product-type.bundle.ui-testing";
		};
/* End PBXNativeTarget section */

/* Begin PBXProject section */
		D57E557D2C116065000E5317 /* Project object */ = {
			isa = PBXProject;
			attributes = {
				BuildIndependentTargetsInParallel = 1;
				LastSwiftUpdateCheck = 1500;
				LastUpgradeCheck = 1500;
				TargetAttributes = {
					D57E55842C116065000E5317 = {
						CreatedOnToolsVersion = 15.0.1;
					};
					D57E55942C116068000E5317 = {
						CreatedOnToolsVersion = 15.0.1;
						TestTargetID = D57E55842C116065000E5317;
					};
					D57E559E2C116068000E5317 = {
						CreatedOnToolsVersion = 15.0.1;
						TestTargetID = D57E55842C116065000E5317;
					};
				};
			};
			buildConfigurationList = D57E55802C116065000E5317 /* Build configuration list for PBXProject "FlickrSearcher" */;
			compatibilityVersion = "Xcode 14.0";
			developmentRegion = en;
			hasScannedForEncodings = 0;
			knownRegions = (
				en,
				Base,
			);
			mainGroup = D57E557C2C116065000E5317;
			productRefGroup = D57E55862C116065000E5317 /* Products */;
			projectDirPath = "";
			projectRoot = "";
			targets = (
				D57E55842C116065000E5317 /* FlickrSearcher */,
				D57E55942C116068000E5317 /* FlickrSearcherTests */,
				D57E559E2C116068000E5317 /* FlickrSearcherUITests */,
			);
		};
/* End PBXProject section */

/* Begin PBXResourcesBuildPhase section */
		D57E55832C116065000E5317 /* Resources */ = {
			isa = PBXResourcesBuildPhase;
			buildActionMask = 2147483647;
			files = (
				D57E55902C116067000E5317 /* Preview Assets.xcassets in Resources */,
				D57E558D2C116067000E5317 /* Assets.xcassets in Resources */,
			);
			runOnlyForDeploymentPostprocessing = 0;
		};
		D57E55932C116068000E5317 /* Resources */ = {
			isa = PBXResourcesBuildPhase;
			buildActionMask = 2147483647;
			files = (
			);
			runOnlyForDeploymentPostprocessing = 0;
		};
		D57E559D2C116068000E5317 /* Resources */ = {
			isa = PBXResourcesBuildPhase;
			buildActionMask = 2147483647;
			files = (
			);
			runOnlyForDeploymentPostprocessing = 0;
		};
/* End PBXResourcesBuildPhase section */

/* Begin PBXSourcesBuildPhase section */
		D57E55812C116065000E5317 /* Sources */ = {
			isa = PBXSourcesBuildPhase;
			buildActionMask = 2147483647;
			files = (
				D57E558B2C116065000E5317 /* ContentView.swift in Sources */,
				D57E55B72C1160E7000E5317 /* Image.swift in Sources */,
				D57E55892C116065000E5317 /* FlickrSearcherApp.swift in Sources */,
				D57E55B42C1160D5000E5317 /* SearchRepositoryProtocol.swift in Sources */,
			);
			runOnlyForDeploymentPostprocessing = 0;
		};
		D57E55912C116068000E5317 /* Sources */ = {
			isa = PBXSourcesBuildPhase;
			buildActionMask = 2147483647;
			files = (
				D57E559A2C116068000E5317 /* FlickrSearcherTests.swift in Sources */,
			);
			runOnlyForDeploymentPostprocessing = 0;
		};
		D57E559B2C116068000E5317 /* Sources */ = {
			isa = PBXSourcesBuildPhase;
			buildActionMask = 2147483647;
			files = (
				D57E55A62C116068000E5317 /* FlickrSearcherUITestsLaunchTests.swift in Sources */,
				D57E55A42C116068000E5317 /* FlickrSearcherUITests.swift in Sources */,
			);
			runOnlyForDeploymentPostprocessing = 0;
		};
/* End PBXSourcesBuildPhase section */

/* Begin PBXTargetDependency section */
		D57E55972C116068000E5317 /* PBXTargetDependency */ = {
			isa = PBXTargetDependency;
			target = D57E55842C116065000E5317 /* FlickrSearcher */;
			targetProxy = D57E55962C116068000E5317 /* PBXContainerItemProxy */;
		};
		D57E55A12C116068000E5317 /* PBXTargetDependency */ = {
			isa = PBXTargetDependency;
			target = D57E55842C116065000E5317 /* FlickrSearcher */;
			targetProxy = D57E55A02C116068000E5317 /* PBXContainerItemProxy */;
		};
/* End PBXTargetDependency section */

/* Begin XCBuildConfiguration section */
		D57E55A72C116068000E5317 /* Debug */ = {
			isa = XCBuildConfiguration;
			buildSettings = {
				ALWAYS_SEARCH_USER_PATHS = NO;
				ASSETCATALOG_COMPILER_GENERATE_SWIFT_ASSET_SYMBOL_EXTENSIONS = YES;
				CLANG_ANALYZER_NONNULL = YES;
				CLANG_ANALYZER_NUMBER_OBJECT_CONVERSION = YES_AGGRESSIVE;
				CLANG_CXX_LANGUAGE_STANDARD = "gnu++20";
				CLANG_ENABLE_MODULES = YES;
				CLANG_ENABLE_OBJC_ARC = YES;
				CLANG_ENABLE_OBJC_WEAK = YES;
				CLANG_WARN_BLOCK_CAPTURE_AUTORELEASING = YES;
				CLANG_WARN_BOOL_CONVERSION = YES;
				CLANG_WARN_COMMA = YES;
				CLANG_WARN_CONSTANT_CONVERSION = YES;
				CLANG_WARN_DEPRECATED_OBJC_IMPLEMENTATIONS = YES;
				CLANG_WARN_DIRECT_OBJC_ISA_USAGE = YES_ERROR;
				CLANG_WARN_DOCUMENTATION_COMMENTS = YES;
				CLANG_WARN_EMPTY_BODY = YES;
				CLANG_WARN_ENUM_CONVERSION = YES;
				CLANG_WARN_INFINITE_RECURSION = YES;
				CLANG_WARN_INT_CONVERSION = YES;
				CLANG_WARN_NON_LITERAL_NULL_CONVERSION = YES;
				CLANG_WARN_OBJC_IMPLICIT_RETAIN_SELF = YES;
				CLANG_WARN_OBJC_LITERAL_CONVERSION = YES;
				CLANG_WARN_OBJC_ROOT_CLASS = YES_ERROR;
				CLANG_WARN_QUOTED_INCLUDE_IN_FRAMEWORK_HEADER = YES;
				CLANG_WARN_RANGE_LOOP_ANALYSIS = YES;
				CLANG_WARN_STRICT_PROTOTYPES = YES;
				CLANG_WARN_SUSPICIOUS_MOVE = YES;
				CLANG_WARN_UNGUARDED_AVAILABILITY = YES_AGGRESSIVE;
				CLANG_WARN_UNREACHABLE_CODE = YES;
				CLANG_WARN__DUPLICATE_METHOD_MATCH = YES;
				COPY_PHASE_STRIP = NO;
				DEBUG_INFORMATION_FORMAT = dwarf;
				ENABLE_STRICT_OBJC_MSGSEND = YES;
				ENABLE_TESTABILITY = YES;
				ENABLE_USER_SCRIPT_SANDBOXING = YES;
				GCC_C_LANGUAGE_STANDARD = gnu17;
				GCC_DYNAMIC_NO_PIC = NO;
				GCC_NO_COMMON_BLOCKS = YES;
				GCC_OPTIMIZATION_LEVEL = 0;
				GCC_PREPROCESSOR_DEFINITIONS = (
					"DEBUG=1",
					"$(inherited)",
				);
				GCC_WARN_64_TO_32_BIT_CONVERSION = YES;
				GCC_WARN_ABOUT_RETURN_TYPE = YES_ERROR;
				GCC_WARN_UNDECLARED_SELECTOR = YES;
				GCC_WARN_UNINITIALIZED_AUTOS = YES_AGGRESSIVE;
				GCC_WARN_UNUSED_FUNCTION = YES;
				GCC_WARN_UNUSED_VARIABLE = YES;
				IPHONEOS_DEPLOYMENT_TARGET = 17.0;
				LOCALIZATION_PREFERS_STRING_CATALOGS = YES;
				MTL_ENABLE_DEBUG_INFO = INCLUDE_SOURCE;
				MTL_FAST_MATH = YES;
				ONLY_ACTIVE_ARCH = YES;
				SDKROOT = iphoneos;
				SWIFT_ACTIVE_COMPILATION_CONDITIONS = "DEBUG $(inherited)";
				SWIFT_OPTIMIZATION_LEVEL = "-Onone";
			};
			name = Debug;
		};
		D57E55A82C116068000E5317 /* Release */ = {
			isa = XCBuildConfiguration;
			buildSettings = {
				ALWAYS_SEARCH_USER_PATHS = NO;
				ASSETCATALOG_COMPILER_GENERATE_SWIFT_ASSET_SYMBOL_EXTENSIONS = YES;
				CLANG_ANALYZER_NONNULL = YES;
				CLANG_ANALYZER_NUMBER_OBJECT_CONVERSION = YES_AGGRESSIVE;
				CLANG_CXX_LANGUAGE_STANDARD = "gnu++20";
				CLANG_ENABLE_MODULES = YES;
				CLANG_ENABLE_OBJC_ARC = YES;
				CLANG_ENABLE_OBJC_WEAK = YES;
				CLANG_WARN_BLOCK_CAPTURE_AUTORELEASING = YES;
				CLANG_WARN_BOOL_CONVERSION = YES;
				CLANG_WARN_COMMA = YES;
				CLANG_WARN_CONSTANT_CONVERSION = YES;
				CLANG_WARN_DEPRECATED_OBJC_IMPLEMENTATIONS = YES;
				CLANG_WARN_DIRECT_OBJC_ISA_USAGE = YES_ERROR;
				CLANG_WARN_DOCUMENTATION_COMMENTS = YES;
				CLANG_WARN_EMPTY_BODY = YES;
				CLANG_WARN_ENUM_CONVERSION = YES;
				CLANG_WARN_INFINITE_RECURSION = YES;
				CLANG_WARN_INT_CONVERSION = YES;
				CLANG_WARN_NON_LITERAL_NULL_CONVERSION = YES;
				CLANG_WARN_OBJC_IMPLICIT_RETAIN_SELF = YES;
				CLANG_WARN_OBJC_LITERAL_CONVERSION = YES;
				CLANG_WARN_OBJC_ROOT_CLASS = YES_ERROR;
				CLANG_WARN_QUOTED_INCLUDE_IN_FRAMEWORK_HEADER = YES;
				CLANG_WARN_RANGE_LOOP_ANALYSIS = YES;
				CLANG_WARN_STRICT_PROTOTYPES = YES;
				CLANG_WARN_SUSPICIOUS_MOVE = YES;
				CLANG_WARN_UNGUARDED_AVAILABILITY = YES_AGGRESSIVE;
				CLANG_WARN_UNREACHABLE_CODE = YES;
				CLANG_WARN__DUPLICATE_METHOD_MATCH = YES;
				COPY_PHASE_STRIP = NO;
				DEBUG_INFORMATION_FORMAT = "dwarf-with-dsym";
				ENABLE_NS_ASSERTIONS = NO;
				ENABLE_STRICT_OBJC_MSGSEND = YES;
				ENABLE_USER_SCRIPT_SANDBOXING = YES;
				GCC_C_LANGUAGE_STANDARD = gnu17;
				GCC_NO_COMMON_BLOCKS = YES;
				GCC_WARN_64_TO_32_BIT_CONVERSION = YES;
				GCC_WARN_ABOUT_RETURN_TYPE = YES_ERROR;
				GCC_WARN_UNDECLARED_SELECTOR = YES;
				GCC_WARN_UNINITIALIZED_AUTOS = YES_AGGRESSIVE;
				GCC_WARN_UNUSED_FUNCTION = YES;
				GCC_WARN_UNUSED_VARIABLE = YES;
				IPHONEOS_DEPLOYMENT_TARGET = 17.0;
				LOCALIZATION_PREFERS_STRING_CATALOGS = YES;
				MTL_ENABLE_DEBUG_INFO = NO;
				MTL_FAST_MATH = YES;
				SDKROOT = iphoneos;
				SWIFT_COMPILATION_MODE = wholemodule;
				VALIDATE_PRODUCT = YES;
			};
			name = Release;
		};
		D57E55AA2C116068000E5317 /* Debug */ = {
			isa = XCBuildConfiguration;
			buildSettings = {
				ASSETCATALOG_COMPILER_APPICON_NAME = AppIcon;
				ASSETCATALOG_COMPILER_GLOBAL_ACCENT_COLOR_NAME = AccentColor;
				CODE_SIGN_STYLE = Automatic;
				CURRENT_PROJECT_VERSION = 1;
				DEVELOPMENT_ASSET_PATHS = "\"FlickrSearcher/Preview Content\"";
				DEVELOPMENT_TEAM = VJ9FQ76YK4;
				ENABLE_PREVIEWS = YES;
				GENERATE_INFOPLIST_FILE = YES;
				INFOPLIST_KEY_UIApplicationSceneManifest_Generation = YES;
				INFOPLIST_KEY_UIApplicationSupportsIndirectInputEvents = YES;
				INFOPLIST_KEY_UILaunchScreen_Generation = YES;
				INFOPLIST_KEY_UISupportedInterfaceOrientations_iPad = "UIInterfaceOrientationPortrait UIInterfaceOrientationPortraitUpsideDown UIInterfaceOrientationLandscapeLeft UIInterfaceOrientationLandscapeRight";
				INFOPLIST_KEY_UISupportedInterfaceOrientations_iPhone = "UIInterfaceOrientationPortrait UIInterfaceOrientationLandscapeLeft UIInterfaceOrientationLandscapeRight";
				LD_RUNPATH_SEARCH_PATHS = (
					"$(inherited)",
					"@executable_path/Frameworks",
				);
				MARKETING_VERSION = 1.0;
				PRODUCT_BUNDLE_IDENTIFIER = org.nadin.FlickrSearcher;
				PRODUCT_NAME = "$(TARGET_NAME)";
				SWIFT_EMIT_LOC_STRINGS = YES;
				SWIFT_VERSION = 5.0;
				TARGETED_DEVICE_FAMILY = "1,2";
			};
			name = Debug;
		};
		D57E55AB2C116068000E5317 /* Release */ = {
			isa = XCBuildConfiguration;
			buildSettings = {
				ASSETCATALOG_COMPILER_APPICON_NAME = AppIcon;
				ASSETCATALOG_COMPILER_GLOBAL_ACCENT_COLOR_NAME = AccentColor;
				CODE_SIGN_STYLE = Automatic;
				CURRENT_PROJECT_VERSION = 1;
				DEVELOPMENT_ASSET_PATHS = "\"FlickrSearcher/Preview Content\"";
				DEVELOPMENT_TEAM = VJ9FQ76YK4;
				ENABLE_PREVIEWS = YES;
				GENERATE_INFOPLIST_FILE = YES;
				INFOPLIST_KEY_UIApplicationSceneManifest_Generation = YES;
				INFOPLIST_KEY_UIApplicationSupportsIndirectInputEvents = YES;
				INFOPLIST_KEY_UILaunchScreen_Generation = YES;
				INFOPLIST_KEY_UISupportedInterfaceOrientations_iPad = "UIInterfaceOrientationPortrait UIInterfaceOrientationPortraitUpsideDown UIInterfaceOrientationLandscapeLeft UIInterfaceOrientationLandscapeRight";
				INFOPLIST_KEY_UISupportedInterfaceOrientations_iPhone = "UIInterfaceOrientationPortrait UIInterfaceOrientationLandscapeLeft UIInterfaceOrientationLandscapeRight";
				LD_RUNPATH_SEARCH_PATHS = (
					"$(inherited)",
					"@executable_path/Frameworks",
				);
				MARKETING_VERSION = 1.0;
				PRODUCT_BUNDLE_IDENTIFIER = org.nadin.FlickrSearcher;
				PRODUCT_NAME = "$(TARGET_NAME)";
				SWIFT_EMIT_LOC_STRINGS = YES;
				SWIFT_VERSION = 5.0;
				TARGETED_DEVICE_FAMILY = "1,2";
			};
			name = Release;
		};
		D57E55AD2C116068000E5317 /* Debug */ = {
			isa = XCBuildConfiguration;
			buildSettings = {
				ALWAYS_EMBED_SWIFT_STANDARD_LIBRARIES = YES;
				BUNDLE_LOADER = "$(TEST_HOST)";
				CODE_SIGN_STYLE = Automatic;
				CURRENT_PROJECT_VERSION = 1;
				DEVELOPMENT_TEAM = VJ9FQ76YK4;
				GENERATE_INFOPLIST_FILE = YES;
				IPHONEOS_DEPLOYMENT_TARGET = 17.0;
				MARKETING_VERSION = 1.0;
				PRODUCT_BUNDLE_IDENTIFIER = org.nadin.FlickrSearcherTests;
				PRODUCT_NAME = "$(TARGET_NAME)";
				SWIFT_EMIT_LOC_STRINGS = NO;
				SWIFT_VERSION = 5.0;
				TARGETED_DEVICE_FAMILY = "1,2";
				TEST_HOST = "$(BUILT_PRODUCTS_DIR)/FlickrSearcher.app/$(BUNDLE_EXECUTABLE_FOLDER_PATH)/FlickrSearcher";
			};
			name = Debug;
		};
		D57E55AE2C116068000E5317 /* Release */ = {
			isa = XCBuildConfiguration;
			buildSettings = {
				ALWAYS_EMBED_SWIFT_STANDARD_LIBRARIES = YES;
				BUNDLE_LOADER = "$(TEST_HOST)";
				CODE_SIGN_STYLE = Automatic;
				CURRENT_PROJECT_VERSION = 1;
				DEVELOPMENT_TEAM = VJ9FQ76YK4;
				GENERATE_INFOPLIST_FILE = YES;
				IPHONEOS_DEPLOYMENT_TARGET = 17.0;
				MARKETING_VERSION = 1.0;
				PRODUCT_BUNDLE_IDENTIFIER = org.nadin.FlickrSearcherTests;
				PRODUCT_NAME = "$(TARGET_NAME)";
				SWIFT_EMIT_LOC_STRINGS = NO;
				SWIFT_VERSION = 5.0;
				TARGETED_DEVICE_FAMILY = "1,2";
				TEST_HOST = "$(BUILT_PRODUCTS_DIR)/FlickrSearcher.app/$(BUNDLE_EXECUTABLE_FOLDER_PATH)/FlickrSearcher";
			};
			name = Release;
		};
		D57E55B02C116068000E5317 /* Debug */ = {
			isa = XCBuildConfiguration;
			buildSettings = {
				ALWAYS_EMBED_SWIFT_STANDARD_LIBRARIES = YES;
				CODE_SIGN_STYLE = Automatic;
				CURRENT_PROJECT_VERSION = 1;
				DEVELOPMENT_TEAM = VJ9FQ76YK4;
				GENERATE_INFOPLIST_FILE = YES;
				MARKETING_VERSION = 1.0;
				PRODUCT_BUNDLE_IDENTIFIER = org.nadin.FlickrSearcherUITests;
				PRODUCT_NAME = "$(TARGET_NAME)";
				SWIFT_EMIT_LOC_STRINGS = NO;
				SWIFT_VERSION = 5.0;
				TARGETED_DEVICE_FAMILY = "1,2";
				TEST_TARGET_NAME = FlickrSearcher;
			};
			name = Debug;
		};
		D57E55B12C116068000E5317 /* Release */ = {
			isa = XCBuildConfiguration;
			buildSettings = {
				ALWAYS_EMBED_SWIFT_STANDARD_LIBRARIES = YES;
				CODE_SIGN_STYLE = Automatic;
				CURRENT_PROJECT_VERSION = 1;
				DEVELOPMENT_TEAM = VJ9FQ76YK4;
				GENERATE_INFOPLIST_FILE = YES;
				MARKETING_VERSION = 1.0;
				PRODUCT_BUNDLE_IDENTIFIER = org.nadin.FlickrSearcherUITests;
				PRODUCT_NAME = "$(TARGET_NAME)";
				SWIFT_EMIT_LOC_STRINGS = NO;
				SWIFT_VERSION = 5.0;
				TARGETED_DEVICE_FAMILY = "1,2";
				TEST_TARGET_NAME = FlickrSearcher;
			};
			name = Release;
		};
/* End XCBuildConfiguration section */

/* Begin XCConfigurationList section */
		D57E55802C116065000E5317 /* Build configuration list for PBXProject "FlickrSearcher" */ = {
			isa = XCConfigurationList;
			buildConfigurations = (
				D57E55A72C116068000E5317 /* Debug */,
				D57E55A82C116068000E5317 /* Release */,
			);
			defaultConfigurationIsVisible = 0;
			defaultConfigurationName = Release;
		};
		D57E55A92C116068000E5317 /* Build configuration list for PBXNativeTarget "FlickrSearcher" */ = {
			isa = XCConfigurationList;
			buildConfigurations = (
				D57E55AA2C116068000E5317 /* Debug */,
				D57E55AB2C116068000E5317 /* Release */,
			);
			defaultConfigurationIsVisible = 0;
			defaultConfigurationName = Release;
		};
		D57E55AC2C116068000E5317 /* Build configuration list for PBXNativeTarget "FlickrSearcherTests" */ = {
			isa = XCConfigurationList;
			buildConfigurations = (
				D57E55AD2C116068000E5317 /* Debug */,
				D57E55AE2C116068000E5317 /* Release */,
			);
			defaultConfigurationIsVisible = 0;
			defaultConfigurationName = Release;
		};
		D57E55AF2C116068000E5317 /* Build configuration list for PBXNativeTarget "FlickrSearcherUITests" */ = {
			isa = XCConfigurationList;
			buildConfigurations = (
				D57E55B02C116068000E5317 /* Debug */,
				D57E55B12C116068000E5317 /* Release */,
			);
			defaultConfigurationIsVisible = 0;
			defaultConfigurationName = Release;
		};
/* End XCConfigurationList section */
	};
	rootObject = D57E557D2C116065000E5317 /* Project object */;
}
